
Microsoft Visual Studio Solution File, Format Version 12.00
# Visual Studio Version 16
VisualStudioVersion = 16.0.29503.13
MinimumVisualStudioVersion = 10.0.40219.1
Project("{FAE04EC0-301F-11D3-BF4B-00C04F79EFBC}") = "Lessson3_1", "Lessson3_1\Lessson3_1.csproj", "{FBC29F54-35C5-4135-835E-C853A8C5FEE1}"
EndProject
Global
	GlobalSection(SolutionConfigurationPlatforms) = preSolution
		Debug|Any CPU = Debug|Any CPU
		Release|Any CPU = Release|Any CPU
	EndGlobalSection
	GlobalSection(ProjectConfigurationPlatforms) = postSolution
		{FBC29F54-35C5-4135-835E-C853A8C5FEE1}.Debug|Any CPU.ActiveCfg = Debug|Any CPU
		{FBC29F54-35C5-4135-835E-C853A8C5FEE1}.Debug|Any CPU.Build.0 = Debug|Any CPU
		{FBC29F54-35C5-4135-835E-C853A8C5FEE1}.Release|Any CPU.ActiveCfg = Release|Any CPU
		{FBC29F54-35C5-4135-835E-C853A8C5FEE1}.Release|Any CPU.Build.0 = Release|Any CPU
	EndGlobalSection
	GlobalSection(SolutionProperties) = preSolution
		HideSolutionNode = FALSE
	EndGlobalSection
	GlobalSection(ExtensibilityGlobals) = postSolution
		SolutionGuid = {E0580B96-A51B-4BD7-984E-7C7862279D70}
	EndGlobalSection
EndGlobal
